{
  "name": "@spoonconsulting/cordova-plugin-telerik-imagepicker",
  "version": "2.0.3",
  "lockfileVersion": 2,
  "requires": true,
  "packages": {
    "": {
      "name": "@spoonconsulting/cordova-plugin-telerik-imagepicker",
      "version": "2.0.3",
      "license": "MIT",
      "engines": {
        "name": "cordova",
        "version": ">=3.5.0"
      }
    }
  }
}
